
Microsoft Visual Studio Solution File, Format Version 12.00
# Visual Studio Version 17
VisualStudioVersion = 17.3.32929.385
MinimumVisualStudioVersion = 10.0.40219.1
Project("{FAE04EC0-301F-11D3-BF4B-00C04F79EFBC}") = "veritabanikullanmaca", "veritabanikullanmaca\veritabanikullanmaca.csproj", "{1F007720-761D-4B95-AB65-DB8F14C12A84}"
EndProject
Global
	GlobalSection(SolutionConfigurationPlatforms) = preSolution
		Debug|Any CPU = Debug|Any CPU
		Release|Any CPU = Release|Any CPU
	EndGlobalSection
	GlobalSection(ProjectConfigurationPlatforms) = postSolution
		{1F007720-761D-4B95-AB65-DB8F14C12A84}.Debug|Any CPU.ActiveCfg = Debug|Any CPU
		{1F007720-761D-4B95-AB65-DB8F14C12A84}.Debug|Any CPU.Build.0 = Debug|Any CPU
		{1F007720-761D-4B95-AB65-DB8F14C12A84}.Release|Any CPU.ActiveCfg = Release|Any CPU
		{1F007720-761D-4B95-AB65-DB8F14C12A84}.Release|Any CPU.Build.0 = Release|Any CPU
	EndGlobalSection
	GlobalSection(SolutionProperties) = preSolution
		HideSolutionNode = FALSE
	EndGlobalSection
	GlobalSection(ExtensibilityGlobals) = postSolution
		SolutionGuid = {0C90C83D-D5DB-41E1-88D2-876011304CE9}
	EndGlobalSection
EndGlobal
