
Microsoft Visual Studio Solution File, Format Version 12.00
# Visual Studio Version 17
VisualStudioVersion = 17.3.32929.385
MinimumVisualStudioVersion = 10.0.40219.1
Project("{FAE04EC0-301F-11D3-BF4B-00C04F79EFBC}") = "FirstWindowsFormApp", "FirstWindowsFormApp\FirstWindowsFormApp.csproj", "{C2ABFE17-0F4F-4372-A6AE-B204B7FECDCE}"
EndProject
Global
	GlobalSection(SolutionConfigurationPlatforms) = preSolution
		Debug|Any CPU = Debug|Any CPU
		Release|Any CPU = Release|Any CPU
	EndGlobalSection
	GlobalSection(ProjectConfigurationPlatforms) = postSolution
		{C2ABFE17-0F4F-4372-A6AE-B204B7FECDCE}.Debug|Any CPU.ActiveCfg = Debug|Any CPU
		{C2ABFE17-0F4F-4372-A6AE-B204B7FECDCE}.Debug|Any CPU.Build.0 = Debug|Any CPU
		{C2ABFE17-0F4F-4372-A6AE-B204B7FECDCE}.Release|Any CPU.ActiveCfg = Release|Any CPU
		{C2ABFE17-0F4F-4372-A6AE-B204B7FECDCE}.Release|Any CPU.Build.0 = Release|Any CPU
	EndGlobalSection
	GlobalSection(SolutionProperties) = preSolution
		HideSolutionNode = FALSE
	EndGlobalSection
	GlobalSection(ExtensibilityGlobals) = postSolution
		SolutionGuid = {4630238A-F9AB-4597-91D2-B82D94D36DA9}
	EndGlobalSection
EndGlobal
