
Microsoft Visual Studio Solution File, Format Version 12.00
# Visual Studio Version 17
VisualStudioVersion = 17.3.32929.385
MinimumVisualStudioVersion = 10.0.40219.1
Project("{FAE04EC0-301F-11D3-BF4B-00C04F79EFBC}") = "progressbar", "progressbar\progressbar.csproj", "{6DB0246C-0054-46FD-9DBB-EC51F618DFFB}"
EndProject
Global
	GlobalSection(SolutionConfigurationPlatforms) = preSolution
		Debug|Any CPU = Debug|Any CPU
		Release|Any CPU = Release|Any CPU
	EndGlobalSection
	GlobalSection(ProjectConfigurationPlatforms) = postSolution
		{6DB0246C-0054-46FD-9DBB-EC51F618DFFB}.Debug|Any CPU.ActiveCfg = Debug|Any CPU
		{6DB0246C-0054-46FD-9DBB-EC51F618DFFB}.Debug|Any CPU.Build.0 = Debug|Any CPU
		{6DB0246C-0054-46FD-9DBB-EC51F618DFFB}.Release|Any CPU.ActiveCfg = Release|Any CPU
		{6DB0246C-0054-46FD-9DBB-EC51F618DFFB}.Release|Any CPU.Build.0 = Release|Any CPU
	EndGlobalSection
	GlobalSection(SolutionProperties) = preSolution
		HideSolutionNode = FALSE
	EndGlobalSection
	GlobalSection(ExtensibilityGlobals) = postSolution
		SolutionGuid = {191F854E-1053-4AD3-ADAA-61D62F367790}
	EndGlobalSection
EndGlobal
