
Microsoft Visual Studio Solution File, Format Version 12.00
# Visual Studio Version 17
VisualStudioVersion = 17.3.32929.385
MinimumVisualStudioVersion = 10.0.40219.1
Project("{FAE04EC0-301F-11D3-BF4B-00C04F79EFBC}") = "arayuz_uygulamasi", "arayuz_uygulamasi\arayuz_uygulamasi.csproj", "{435EA03F-1056-4137-856A-F2AF97C4A135}"
EndProject
Global
	GlobalSection(SolutionConfigurationPlatforms) = preSolution
		Debug|Any CPU = Debug|Any CPU
		Release|Any CPU = Release|Any CPU
	EndGlobalSection
	GlobalSection(ProjectConfigurationPlatforms) = postSolution
		{435EA03F-1056-4137-856A-F2AF97C4A135}.Debug|Any CPU.ActiveCfg = Debug|Any CPU
		{435EA03F-1056-4137-856A-F2AF97C4A135}.Debug|Any CPU.Build.0 = Debug|Any CPU
		{435EA03F-1056-4137-856A-F2AF97C4A135}.Release|Any CPU.ActiveCfg = Release|Any CPU
		{435EA03F-1056-4137-856A-F2AF97C4A135}.Release|Any CPU.Build.0 = Release|Any CPU
	EndGlobalSection
	GlobalSection(SolutionProperties) = preSolution
		HideSolutionNode = FALSE
	EndGlobalSection
	GlobalSection(ExtensibilityGlobals) = postSolution
		SolutionGuid = {BE814F25-084D-4828-B802-2DCBBC3E0115}
	EndGlobalSection
EndGlobal
